
Microsoft Visual Studio Solution File, Format Version 12.00
# Visual Studio Version 17
VisualStudioVersion = 17.0.31903.59
MinimumVisualStudioVersion = 10.0.40219.1
Project("{2150E333-8FDC-42A3-9474-1A3956D46DE8}") = "WebApi", "WebApi", "{6EDC7094-E22D-CF10-605B-B42C7FB8B0A8}"
EndProject
Project("{FAE04EC0-301F-11D3-BF4B-00C04F79EFBC}") = "OEM", "WebApi\OEM.csproj", "{75FD3453-383F-4992-B61D-171F3C1E4FA8}"
EndProject
Project("{FAE04EC0-301F-11D3-BF4B-00C04F79EFBC}") = "Application", "Application\Application.csproj", "{835D0FBC-98BB-4D6A-B537-2629389BCF90}"
EndProject
Project("{FAE04EC0-301F-11D3-BF4B-00C04F79EFBC}") = "DataModel", "DataModel\DataModel.csproj", "{A08E2370-55CB-4AB2-AC5E-4C4EBA9AB3FF}"
EndProject
Project("{FAE04EC0-301F-11D3-BF4B-00C04F79EFBC}") = "Domain", "Domain\Domain.csproj", "{52EFF3DB-81D3-4FC4-AFB3-C7007055C794}"
EndProject
Project("{FAE04EC0-301F-11D3-BF4B-00C04F79EFBC}") = "Domain.Tests", "Domain.Tests\Domain.Tests.csproj", "{CC5E71C5-A04C-4D8E-B599-24EAA34952A3}"
EndProject
Global
	GlobalSection(SolutionConfigurationPlatforms) = preSolution
		Debug|Any CPU = Debug|Any CPU
		Debug|x64 = Debug|x64
		Debug|x86 = Debug|x86
		Release|Any CPU = Release|Any CPU
		Release|x64 = Release|x64
		Release|x86 = Release|x86
	EndGlobalSection
	GlobalSection(ProjectConfigurationPlatforms) = postSolution
		{75FD3453-383F-4992-B61D-171F3C1E4FA8}.Debug|Any CPU.ActiveCfg = Debug|Any CPU
		{75FD3453-383F-4992-B61D-171F3C1E4FA8}.Debug|Any CPU.Build.0 = Debug|Any CPU
		{75FD3453-383F-4992-B61D-171F3C1E4FA8}.Debug|x64.ActiveCfg = Debug|Any CPU
		{75FD3453-383F-4992-B61D-171F3C1E4FA8}.Debug|x64.Build.0 = Debug|Any CPU
		{75FD3453-383F-4992-B61D-171F3C1E4FA8}.Debug|x86.ActiveCfg = Debug|Any CPU
		{75FD3453-383F-4992-B61D-171F3C1E4FA8}.Debug|x86.Build.0 = Debug|Any CPU
		{75FD3453-383F-4992-B61D-171F3C1E4FA8}.Release|Any CPU.ActiveCfg = Release|Any CPU
		{75FD3453-383F-4992-B61D-171F3C1E4FA8}.Release|Any CPU.Build.0 = Release|Any CPU
		{75FD3453-383F-4992-B61D-171F3C1E4FA8}.Release|x64.ActiveCfg = Release|Any CPU
		{75FD3453-383F-4992-B61D-171F3C1E4FA8}.Release|x64.Build.0 = Release|Any CPU
		{75FD3453-383F-4992-B61D-171F3C1E4FA8}.Release|x86.ActiveCfg = Release|Any CPU
		{75FD3453-383F-4992-B61D-171F3C1E4FA8}.Release|x86.Build.0 = Release|Any CPU
		{835D0FBC-98BB-4D6A-B537-2629389BCF90}.Debug|Any CPU.ActiveCfg = Debug|Any CPU
		{835D0FBC-98BB-4D6A-B537-2629389BCF90}.Debug|Any CPU.Build.0 = Debug|Any CPU
		{835D0FBC-98BB-4D6A-B537-2629389BCF90}.Debug|x64.ActiveCfg = Debug|Any CPU
		{835D0FBC-98BB-4D6A-B537-2629389BCF90}.Debug|x64.Build.0 = Debug|Any CPU
		{835D0FBC-98BB-4D6A-B537-2629389BCF90}.Debug|x86.ActiveCfg = Debug|Any CPU
		{835D0FBC-98BB-4D6A-B537-2629389BCF90}.Debug|x86.Build.0 = Debug|Any CPU
		{835D0FBC-98BB-4D6A-B537-2629389BCF90}.Release|Any CPU.ActiveCfg = Release|Any CPU
		{835D0FBC-98BB-4D6A-B537-2629389BCF90}.Release|Any CPU.Build.0 = Release|Any CPU
		{835D0FBC-98BB-4D6A-B537-2629389BCF90}.Release|x64.ActiveCfg = Release|Any CPU
		{835D0FBC-98BB-4D6A-B537-2629389BCF90}.Release|x64.Build.0 = Release|Any CPU
		{835D0FBC-98BB-4D6A-B537-2629389BCF90}.Release|x86.ActiveCfg = Release|Any CPU
		{835D0FBC-98BB-4D6A-B537-2629389BCF90}.Release|x86.Build.0 = Release|Any CPU
		{A08E2370-55CB-4AB2-AC5E-4C4EBA9AB3FF}.Debug|Any CPU.ActiveCfg = Debug|Any CPU
		{A08E2370-55CB-4AB2-AC5E-4C4EBA9AB3FF}.Debug|Any CPU.Build.0 = Debug|Any CPU
		{A08E2370-55CB-4AB2-AC5E-4C4EBA9AB3FF}.Debug|x64.ActiveCfg = Debug|Any CPU
		{A08E2370-55CB-4AB2-AC5E-4C4EBA9AB3FF}.Debug|x64.Build.0 = Debug|Any CPU
		{A08E2370-55CB-4AB2-AC5E-4C4EBA9AB3FF}.Debug|x86.ActiveCfg = Debug|Any CPU
		{A08E2370-55CB-4AB2-AC5E-4C4EBA9AB3FF}.Debug|x86.Build.0 = Debug|Any CPU
		{A08E2370-55CB-4AB2-AC5E-4C4EBA9AB3FF}.Release|Any CPU.ActiveCfg = Release|Any CPU
		{A08E2370-55CB-4AB2-AC5E-4C4EBA9AB3FF}.Release|Any CPU.Build.0 = Release|Any CPU
		{A08E2370-55CB-4AB2-AC5E-4C4EBA9AB3FF}.Release|x64.ActiveCfg = Release|Any CPU
		{A08E2370-55CB-4AB2-AC5E-4C4EBA9AB3FF}.Release|x64.Build.0 = Release|Any CPU
		{A08E2370-55CB-4AB2-AC5E-4C4EBA9AB3FF}.Release|x86.ActiveCfg = Release|Any CPU
		{A08E2370-55CB-4AB2-AC5E-4C4EBA9AB3FF}.Release|x86.Build.0 = Release|Any CPU
		{52EFF3DB-81D3-4FC4-AFB3-C7007055C794}.Debug|Any CPU.ActiveCfg = Debug|Any CPU
		{52EFF3DB-81D3-4FC4-AFB3-C7007055C794}.Debug|Any CPU.Build.0 = Debug|Any CPU
		{52EFF3DB-81D3-4FC4-AFB3-C7007055C794}.Debug|x64.ActiveCfg = Debug|Any CPU
		{52EFF3DB-81D3-4FC4-AFB3-C7007055C794}.Debug|x64.Build.0 = Debug|Any CPU
		{52EFF3DB-81D3-4FC4-AFB3-C7007055C794}.Debug|x86.ActiveCfg = Debug|Any CPU
		{52EFF3DB-81D3-4FC4-AFB3-C7007055C794}.Debug|x86.Build.0 = Debug|Any CPU
		{52EFF3DB-81D3-4FC4-AFB3-C7007055C794}.Release|Any CPU.ActiveCfg = Release|Any CPU
		{52EFF3DB-81D3-4FC4-AFB3-C7007055C794}.Release|Any CPU.Build.0 = Release|Any CPU
		{52EFF3DB-81D3-4FC4-AFB3-C7007055C794}.Release|x64.ActiveCfg = Release|Any CPU
		{52EFF3DB-81D3-4FC4-AFB3-C7007055C794}.Release|x64.Build.0 = Release|Any CPU
		{52EFF3DB-81D3-4FC4-AFB3-C7007055C794}.Release|x86.ActiveCfg = Release|Any CPU
		{52EFF3DB-81D3-4FC4-AFB3-C7007055C794}.Release|x86.Build.0 = Release|Any CPU
		{CC5E71C5-A04C-4D8E-B599-24EAA34952A3}.Debug|Any CPU.ActiveCfg = Debug|Any CPU
		{CC5E71C5-A04C-4D8E-B599-24EAA34952A3}.Debug|Any CPU.Build.0 = Debug|Any CPU
		{CC5E71C5-A04C-4D8E-B599-24EAA34952A3}.Debug|x64.ActiveCfg = Debug|Any CPU
		{CC5E71C5-A04C-4D8E-B599-24EAA34952A3}.Debug|x64.Build.0 = Debug|Any CPU
		{CC5E71C5-A04C-4D8E-B599-24EAA34952A3}.Debug|x86.ActiveCfg = Debug|Any CPU
		{CC5E71C5-A04C-4D8E-B599-24EAA34952A3}.Debug|x86.Build.0 = Debug|Any CPU
		{CC5E71C5-A04C-4D8E-B599-24EAA34952A3}.Release|Any CPU.ActiveCfg = Release|Any CPU
		{CC5E71C5-A04C-4D8E-B599-24EAA34952A3}.Release|Any CPU.Build.0 = Release|Any CPU
		{CC5E71C5-A04C-4D8E-B599-24EAA34952A3}.Release|x64.ActiveCfg = Release|Any CPU
		{CC5E71C5-A04C-4D8E-B599-24EAA34952A3}.Release|x64.Build.0 = Release|Any CPU
		{CC5E71C5-A04C-4D8E-B599-24EAA34952A3}.Release|x86.ActiveCfg = Release|Any CPU
		{CC5E71C5-A04C-4D8E-B599-24EAA34952A3}.Release|x86.Build.0 = Release|Any CPU
	EndGlobalSection
	GlobalSection(SolutionProperties) = preSolution
		HideSolutionNode = FALSE
	EndGlobalSection
	GlobalSection(NestedProjects) = preSolution
		{75FD3453-383F-4992-B61D-171F3C1E4FA8} = {6EDC7094-E22D-CF10-605B-B42C7FB8B0A8}
	EndGlobalSection
EndGlobal
